// !$*UTF8*$!
{
	archiveVersion = 1;
	classes = {
	};
	objectVersion = 56;
	objects = {

/* Begin PBXBuildFile section */
		A61D9F192B4F1C87007620D3 /* .swiftlint.yml in Resources */ = {isa = PBXBuildFile; fileRef = A61D9F182B4F1C87007620D3 /* .swiftlint.yml */; };
		A61D9F1C2B4F1DEF007620D3 /* SnapKit in Frameworks */ = {isa = PBXBuildFile; productRef = A61D9F1B2B4F1DEF007620D3 /* SnapKit */; };
		A61D9F1E2B4F1DEF007620D3 /* SnapKit-Dynamic in Frameworks */ = {isa = PBXBuildFile; productRef = A61D9F1D2B4F1DEF007620D3 /* SnapKit-Dynamic */; };
		A61D9F232B50BB86007620D3 /* URLSessonNetworkManager.swift in Sources */ = {isa = PBXBuildFile; fileRef = A61D9F222B50BB86007620D3 /* URLSessonNetworkManager.swift */; };
		A61D9F252B50BBC9007620D3 /* NetworkManagerErrorCases.swift in Sources */ = {isa = PBXBuildFile; fileRef = A61D9F242B50BBC9007620D3 /* NetworkManagerErrorCases.swift */; };
		A61D9F272B50BC2C007620D3 /* PhotoModel.swift in Sources */ = {isa = PBXBuildFile; fileRef = A61D9F262B50BC2C007620D3 /* PhotoModel.swift */; };
		A61D9F292B50C578007620D3 /* Configuration.swift in Sources */ = {isa = PBXBuildFile; fileRef = A61D9F282B50C578007620D3 /* Configuration.swift */; };
		A6B6D3832B4E089C00635852 /* AppDelegate.swift in Sources */ = {isa = PBXBuildFile; fileRef = A6B6D3822B4E089C00635852 /* AppDelegate.swift */; };
		A6B6D3852B4E089C00635852 /* SceneDelegate.swift in Sources */ = {isa = PBXBuildFile; fileRef = A6B6D3842B4E089C00635852 /* SceneDelegate.swift */; };
		A6B6D3872B4E089C00635852 /* ViewController.swift in Sources */ = {isa = PBXBuildFile; fileRef = A6B6D3862B4E089C00635852 /* ViewController.swift */; };
		A6B6D38C2B4E08A000635852 /* Assets.xcassets in Resources */ = {isa = PBXBuildFile; fileRef = A6B6D38B2B4E08A000635852 /* Assets.xcassets */; };
		A6B6D38F2B4E08A000635852 /* LaunchScreen.storyboard in Resources */ = {isa = PBXBuildFile; fileRef = A6B6D38D2B4E08A000635852 /* LaunchScreen.storyboard */; };
		A6B6D3982B4E0F4100635852 /* Kingfisher in Frameworks */ = {isa = PBXBuildFile; productRef = A6B6D3972B4E0F4100635852 /* Kingfisher */; };
/* End PBXBuildFile section */

/* Begin PBXFileReference section */
		A61D9F182B4F1C87007620D3 /* .swiftlint.yml */ = {isa = PBXFileReference; fileEncoding = 4; lastKnownFileType = text.yaml; path = .swiftlint.yml; sourceTree = SOURCE_ROOT; };
		A61D9F222B50BB86007620D3 /* URLSessonNetworkManager.swift */ = {isa = PBXFileReference; lastKnownFileType = sourcecode.swift; path = URLSessonNetworkManager.swift; sourceTree = "<group>"; };
		A61D9F242B50BBC9007620D3 /* NetworkManagerErrorCases.swift */ = {isa = PBXFileReference; lastKnownFileType = sourcecode.swift; path = NetworkManagerErrorCases.swift; sourceTree = "<group>"; };
		A61D9F262B50BC2C007620D3 /* PhotoModel.swift */ = {isa = PBXFileReference; lastKnownFileType = sourcecode.swift; path = PhotoModel.swift; sourceTree = "<group>"; };
		A61D9F282B50C578007620D3 /* Configuration.swift */ = {isa = PBXFileReference; lastKnownFileType = sourcecode.swift; path = Configuration.swift; sourceTree = "<group>"; };
		A6B6D37F2B4E089C00635852 /* Gallery App.app */ = {isa = PBXFileReference; explicitFileType = wrapper.application; includeInIndex = 0; path = "Gallery App.app"; sourceTree = BUILT_PRODUCTS_DIR; };
		A6B6D3822B4E089C00635852 /* AppDelegate.swift */ = {isa = PBXFileReference; lastKnownFileType = sourcecode.swift; path = AppDelegate.swift; sourceTree = "<group>"; };
		A6B6D3842B4E089C00635852 /* SceneDelegate.swift */ = {isa = PBXFileReference; lastKnownFileType = sourcecode.swift; path = SceneDelegate.swift; sourceTree = "<group>"; };
		A6B6D3862B4E089C00635852 /* ViewController.swift */ = {isa = PBXFileReference; lastKnownFileType = sourcecode.swift; path = ViewController.swift; sourceTree = "<group>"; };
		A6B6D38B2B4E08A000635852 /* Assets.xcassets */ = {isa = PBXFileReference; lastKnownFileType = folder.assetcatalog; path = Assets.xcassets; sourceTree = "<group>"; };
		A6B6D38E2B4E08A000635852 /* Base */ = {isa = PBXFileReference; lastKnownFileType = file.storyboard; name = Base; path = Base.lproj/LaunchScreen.storyboard; sourceTree = "<group>"; };
		A6B6D3902B4E08A000635852 /* Info.plist */ = {isa = PBXFileReference; lastKnownFileType = text.plist.xml; path = Info.plist; sourceTree = "<group>"; };
/* End PBXFileReference section */

/* Begin PBXFrameworksBuildPhase section */
		A6B6D37C2B4E089C00635852 /* Frameworks */ = {
			isa = PBXFrameworksBuildPhase;
			buildActionMask = 2147483647;
			files = (
				A6B6D3982B4E0F4100635852 /* Kingfisher in Frameworks */,
				A61D9F1C2B4F1DEF007620D3 /* SnapKit in Frameworks */,
				A61D9F1E2B4F1DEF007620D3 /* SnapKit-Dynamic in Frameworks */,
			);
			runOnlyForDeploymentPostprocessing = 0;
		};
/* End PBXFrameworksBuildPhase section */

/* Begin PBXGroup section */
		A61D9F112B4F145F007620D3 /* Model */ = {
			isa = PBXGroup;
			children = (
				A61D9F262B50BC2C007620D3 /* PhotoModel.swift */,
			);
			path = Model;
			sourceTree = "<group>";
		};
		A61D9F122B4F146A007620D3 /* ViewModel */ = {
			isa = PBXGroup;
			children = (
			);
			path = ViewModel;
			sourceTree = "<group>";
		};
		A61D9F132B4F1471007620D3 /* View */ = {
			isa = PBXGroup;
			children = (
				A6B6D38D2B4E08A000635852 /* LaunchScreen.storyboard */,
				A6B6D3862B4E089C00635852 /* ViewController.swift */,
			);
			path = View;
			sourceTree = "<group>";
		};
		A61D9F142B4F1481007620D3 /* Managers */ = {
			isa = PBXGroup;
			children = (
				A61D9F212B50BB65007620D3 /* BD */,
				A61D9F202B50BB5D007620D3 /* Network */,
			);
			path = Managers;
			sourceTree = "<group>";
		};
		A61D9F152B4F1490007620D3 /* Resources */ = {
			isa = PBXGroup;
			children = (
				A6B6D38B2B4E08A000635852 /* Assets.xcassets */,
				A61D9F282B50C578007620D3 /* Configuration.swift */,
			);
			path = Resources;
			sourceTree = "<group>";
		};
		A61D9F172B4F1AFF007620D3 /* Extensions */ = {
			isa = PBXGroup;
			children = (
			);
			path = Extensions;
			sourceTree = "<group>";
		};
		A61D9F1F2B4F1FF8007620D3 /* Core */ = {
			isa = PBXGroup;
			children = (
				A6B6D3842B4E089C00635852 /* SceneDelegate.swift */,
				A6B6D3822B4E089C00635852 /* AppDelegate.swift */,
			);
			path = Core;
			sourceTree = "<group>";
		};
		A61D9F202B50BB5D007620D3 /* Network */ = {
			isa = PBXGroup;
			children = (
				A61D9F222B50BB86007620D3 /* URLSessonNetworkManager.swift */,
				A61D9F242B50BBC9007620D3 /* NetworkManagerErrorCases.swift */,
			);
			path = Network;
			sourceTree = "<group>";
		};
		A61D9F212B50BB65007620D3 /* BD */ = {
			isa = PBXGroup;
			children = (
			);
			path = BD;
			sourceTree = "<group>";
		};
		A6B6D3762B4E089C00635852 = {
			isa = PBXGroup;
			children = (
				A6B6D3812B4E089C00635852 /* Gallery App */,
				A6B6D3802B4E089C00635852 /* Products */,
			);
			sourceTree = "<group>";
		};
		A6B6D3802B4E089C00635852 /* Products */ = {
			isa = PBXGroup;
			children = (
				A6B6D37F2B4E089C00635852 /* Gallery App.app */,
			);
			name = Products;
			sourceTree = "<group>";
		};
		A6B6D3812B4E089C00635852 /* Gallery App */ = {
			isa = PBXGroup;
			children = (
				A61D9F1F2B4F1FF8007620D3 /* Core */,
				A61D9F142B4F1481007620D3 /* Managers */,
				A61D9F132B4F1471007620D3 /* View */,
				A61D9F122B4F146A007620D3 /* ViewModel */,
				A61D9F112B4F145F007620D3 /* Model */,
				A61D9F152B4F1490007620D3 /* Resources */,
				A61D9F172B4F1AFF007620D3 /* Extensions */,
				A6B6D3902B4E08A000635852 /* Info.plist */,
				A61D9F182B4F1C87007620D3 /* .swiftlint.yml */,
			);
			path = "Gallery App";
			sourceTree = "<group>";
		};
/* End PBXGroup section */

/* Begin PBXNativeTarget section */
		A6B6D37E2B4E089C00635852 /* Gallery App */ = {
			isa = PBXNativeTarget;
			buildConfigurationList = A6B6D3932B4E08A000635852 /* Build configuration list for PBXNativeTarget "Gallery App" */;
			buildPhases = (
				A6B6D37B2B4E089C00635852 /* Sources */,
				A6B6D37C2B4E089C00635852 /* Frameworks */,
				A6B6D37D2B4E089C00635852 /* Resources */,
				A61D9F162B4F17B2007620D3 /* ShellScript */,
			);
			buildRules = (
			);
			dependencies = (
			);
			name = "Gallery App";
			packageProductDependencies = (
				A6B6D3972B4E0F4100635852 /* Kingfisher */,
				A61D9F1B2B4F1DEF007620D3 /* SnapKit */,
				A61D9F1D2B4F1DEF007620D3 /* SnapKit-Dynamic */,
			);
			productName = "Gallery App";
			productReference = A6B6D37F2B4E089C00635852 /* Gallery App.app */;
			productType = "com.apple.product-type.application";
		};
/* End PBXNativeTarget section */

/* Begin PBXProject section */
		A6B6D3772B4E089C00635852 /* Project object */ = {
			isa = PBXProject;
			attributes = {
				BuildIndependentTargetsInParallel = 1;
				LastSwiftUpdateCheck = 1510;
				LastUpgradeCheck = 1510;
				TargetAttributes = {
					A6B6D37E2B4E089C00635852 = {
						CreatedOnToolsVersion = 15.1;
					};
				};
			};
			buildConfigurationList = A6B6D37A2B4E089C00635852 /* Build configuration list for PBXProject "Gallery App" */;
			compatibilityVersion = "Xcode 14.0";
			developmentRegion = en;
			hasScannedForEncodings = 0;
			knownRegions = (
				en,
				Base,
			);
			mainGroup = A6B6D3762B4E089C00635852;
			packageReferences = (
				A6B6D3962B4E0F4100635852 /* XCRemoteSwiftPackageReference "Kingfisher" */,
				A61D9F1A2B4F1DEF007620D3 /* XCRemoteSwiftPackageReference "SnapKit" */,
			);
			productRefGroup = A6B6D3802B4E089C00635852 /* Products */;
			projectDirPath = "";
			projectRoot = "";
			targets = (
				A6B6D37E2B4E089C00635852 /* Gallery App */,
			);
		};
/* End PBXProject section */

/* Begin PBXResourcesBuildPhase section */
		A6B6D37D2B4E089C00635852 /* Resources */ = {
			isa = PBXResourcesBuildPhase;
			buildActionMask = 2147483647;
			files = (
				A61D9F192B4F1C87007620D3 /* .swiftlint.yml in Resources */,
				A6B6D38F2B4E08A000635852 /* LaunchScreen.storyboard in Resources */,
				A6B6D38C2B4E08A000635852 /* Assets.xcassets in Resources */,
			);
			runOnlyForDeploymentPostprocessing = 0;
		};
/* End PBXResourcesBuildPhase section */

/* Begin PBXShellScriptBuildPhase section */
		A61D9F162B4F17B2007620D3 /* ShellScript */ = {
			isa = PBXShellScriptBuildPhase;
			alwaysOutOfDate = 1;
			buildActionMask = 2147483647;
			files = (
			);
			inputFileListPaths = (
			);
			inputPaths = (
			);
			outputFileListPaths = (
			);
			outputPaths = (
			);
			runOnlyForDeploymentPostprocessing = 0;
			shellPath = /bin/sh;
			shellScript = "if [[ \"$(uname -m)\" == arm64 ]]; then\n    export PATH=\"/opt/homebrew/bin:$PATH\"\nfi\n\nif which swiftlint > /dev/null; then\n  swiftlint\nelse\n  echo \"warning: SwiftLint not installed, download from https://github.com/realm/SwiftLint\"\nfi\n";
		};
/* End PBXShellScriptBuildPhase section */

/* Begin PBXSourcesBuildPhase section */
		A6B6D37B2B4E089C00635852 /* Sources */ = {
			isa = PBXSourcesBuildPhase;
			buildActionMask = 2147483647;
			files = (
				A61D9F272B50BC2C007620D3 /* PhotoModel.swift in Sources */,
				A6B6D3872B4E089C00635852 /* ViewController.swift in Sources */,
				A61D9F292B50C578007620D3 /* Configuration.swift in Sources */,
				A61D9F252B50BBC9007620D3 /* NetworkManagerErrorCases.swift in Sources */,
				A6B6D3832B4E089C00635852 /* AppDelegate.swift in Sources */,
				A6B6D3852B4E089C00635852 /* SceneDelegate.swift in Sources */,
				A61D9F232B50BB86007620D3 /* URLSessonNetworkManager.swift in Sources */,
			);
			runOnlyForDeploymentPostprocessing = 0;
		};
/* End PBXSourcesBuildPhase section */

/* Begin PBXVariantGroup section */
		A6B6D38D2B4E08A000635852 /* LaunchScreen.storyboard */ = {
			isa = PBXVariantGroup;
			children = (
				A6B6D38E2B4E08A000635852 /* Base */,
			);
			name = LaunchScreen.storyboard;
			sourceTree = "<group>";
		};
/* End PBXVariantGroup section */

/* Begin XCBuildConfiguration section */
		A6B6D3912B4E08A000635852 /* Develop */ = {
			isa = XCBuildConfiguration;
			buildSettings = {
				ALWAYS_SEARCH_USER_PATHS = NO;
				ASSETCATALOG_COMPILER_GENERATE_SWIFT_ASSET_SYMBOL_EXTENSIONS = YES;
				CLANG_ANALYZER_NONNULL = YES;
				CLANG_ANALYZER_NUMBER_OBJECT_CONVERSION = YES_AGGRESSIVE;
				CLANG_CXX_LANGUAGE_STANDARD = "gnu++20";
				CLANG_ENABLE_MODULES = YES;
				CLANG_ENABLE_OBJC_ARC = YES;
				CLANG_ENABLE_OBJC_WEAK = YES;
				CLANG_WARN_BLOCK_CAPTURE_AUTORELEASING = YES;
				CLANG_WARN_BOOL_CONVERSION = YES;
				CLANG_WARN_COMMA = YES;
				CLANG_WARN_CONSTANT_CONVERSION = YES;
				CLANG_WARN_DEPRECATED_OBJC_IMPLEMENTATIONS = YES;
				CLANG_WARN_DIRECT_OBJC_ISA_USAGE = YES_ERROR;
				CLANG_WARN_DOCUMENTATION_COMMENTS = YES;
				CLANG_WARN_EMPTY_BODY = YES;
				CLANG_WARN_ENUM_CONVERSION = YES;
				CLANG_WARN_INFINITE_RECURSION = YES;
				CLANG_WARN_INT_CONVERSION = YES;
				CLANG_WARN_NON_LITERAL_NULL_CONVERSION = YES;
				CLANG_WARN_OBJC_IMPLICIT_RETAIN_SELF = YES;
				CLANG_WARN_OBJC_LITERAL_CONVERSION = YES;
				CLANG_WARN_OBJC_ROOT_CLASS = YES_ERROR;
				CLANG_WARN_QUOTED_INCLUDE_IN_FRAMEWORK_HEADER = YES;
				CLANG_WARN_RANGE_LOOP_ANALYSIS = YES;
				CLANG_WARN_STRICT_PROTOTYPES = YES;
				CLANG_WARN_SUSPICIOUS_MOVE = YES;
				CLANG_WARN_UNGUARDED_AVAILABILITY = YES_AGGRESSIVE;
				CLANG_WARN_UNREACHABLE_CODE = YES;
				CLANG_WARN__DUPLICATE_METHOD_MATCH = YES;
				COPY_PHASE_STRIP = NO;
				DEBUG_INFORMATION_FORMAT = dwarf;
				ENABLE_STRICT_OBJC_MSGSEND = YES;
				ENABLE_TESTABILITY = YES;
				ENABLE_USER_SCRIPT_SANDBOXING = YES;
				GCC_C_LANGUAGE_STANDARD = gnu17;
				GCC_DYNAMIC_NO_PIC = NO;
				GCC_NO_COMMON_BLOCKS = YES;
				GCC_OPTIMIZATION_LEVEL = 0;
				GCC_PREPROCESSOR_DEFINITIONS = (
					"DEBUG=1",
					"$(inherited)",
				);
				GCC_WARN_64_TO_32_BIT_CONVERSION = YES;
				GCC_WARN_ABOUT_RETURN_TYPE = YES_ERROR;
				GCC_WARN_UNDECLARED_SELECTOR = YES;
				GCC_WARN_UNINITIALIZED_AUTOS = YES_AGGRESSIVE;
				GCC_WARN_UNUSED_FUNCTION = YES;
				GCC_WARN_UNUSED_VARIABLE = YES;
				IPHONEOS_DEPLOYMENT_TARGET = 17.2;
				LOCALIZATION_PREFERS_STRING_CATALOGS = YES;
				MTL_ENABLE_DEBUG_INFO = INCLUDE_SOURCE;
				MTL_FAST_MATH = YES;
				ONLY_ACTIVE_ARCH = YES;
				SDKROOT = iphoneos;
				SWIFT_ACTIVE_COMPILATION_CONDITIONS = "DEBUG $(inherited)";
				SWIFT_OPTIMIZATION_LEVEL = "-Onone";
			};
			name = Develop;
		};
		A6B6D3922B4E08A000635852 /* Production */ = {
			isa = XCBuildConfiguration;
			buildSettings = {
				ALWAYS_SEARCH_USER_PATHS = NO;
				ASSETCATALOG_COMPILER_GENERATE_SWIFT_ASSET_SYMBOL_EXTENSIONS = YES;
				CLANG_ANALYZER_NONNULL = YES;
				CLANG_ANALYZER_NUMBER_OBJECT_CONVERSION = YES_AGGRESSIVE;
				CLANG_CXX_LANGUAGE_STANDARD = "gnu++20";
				CLANG_ENABLE_MODULES = YES;
				CLANG_ENABLE_OBJC_ARC = YES;
				CLANG_ENABLE_OBJC_WEAK = YES;
				CLANG_WARN_BLOCK_CAPTURE_AUTORELEASING = YES;
				CLANG_WARN_BOOL_CONVERSION = YES;
				CLANG_WARN_COMMA = YES;
				CLANG_WARN_CONSTANT_CONVERSION = YES;
				CLANG_WARN_DEPRECATED_OBJC_IMPLEMENTATIONS = YES;
				CLANG_WARN_DIRECT_OBJC_ISA_USAGE = YES_ERROR;
				CLANG_WARN_DOCUMENTATION_COMMENTS = YES;
				CLANG_WARN_EMPTY_BODY = YES;
				CLANG_WARN_ENUM_CONVERSION = YES;
				CLANG_WARN_INFINITE_RECURSION = YES;
				CLANG_WARN_INT_CONVERSION = YES;
				CLANG_WARN_NON_LITERAL_NULL_CONVERSION = YES;
				CLANG_WARN_OBJC_IMPLICIT_RETAIN_SELF = YES;
				CLANG_WARN_OBJC_LITERAL_CONVERSION = YES;
				CLANG_WARN_OBJC_ROOT_CLASS = YES_ERROR;
				CLANG_WARN_QUOTED_INCLUDE_IN_FRAMEWORK_HEADER = YES;
				CLANG_WARN_RANGE_LOOP_ANALYSIS = YES;
				CLANG_WARN_STRICT_PROTOTYPES = YES;
				CLANG_WARN_SUSPICIOUS_MOVE = YES;
				CLANG_WARN_UNGUARDED_AVAILABILITY = YES_AGGRESSIVE;
				CLANG_WARN_UNREACHABLE_CODE = YES;
				CLANG_WARN__DUPLICATE_METHOD_MATCH = YES;
				COPY_PHASE_STRIP = NO;
				DEBUG_INFORMATION_FORMAT = "dwarf-with-dsym";
				ENABLE_NS_ASSERTIONS = NO;
				ENABLE_STRICT_OBJC_MSGSEND = YES;
				ENABLE_USER_SCRIPT_SANDBOXING = YES;
				GCC_C_LANGUAGE_STANDARD = gnu17;
				GCC_NO_COMMON_BLOCKS = YES;
				GCC_WARN_64_TO_32_BIT_CONVERSION = YES;
				GCC_WARN_ABOUT_RETURN_TYPE = YES_ERROR;
				GCC_WARN_UNDECLARED_SELECTOR = YES;
				GCC_WARN_UNINITIALIZED_AUTOS = YES_AGGRESSIVE;
				GCC_WARN_UNUSED_FUNCTION = YES;
				GCC_WARN_UNUSED_VARIABLE = YES;
				IPHONEOS_DEPLOYMENT_TARGET = 17.2;
				LOCALIZATION_PREFERS_STRING_CATALOGS = YES;
				MTL_ENABLE_DEBUG_INFO = NO;
				MTL_FAST_MATH = YES;
				SDKROOT = iphoneos;
				SWIFT_COMPILATION_MODE = wholemodule;
				VALIDATE_PRODUCT = YES;
			};
			name = Production;
		};
		A6B6D3942B4E08A000635852 /* Develop */ = {
			isa = XCBuildConfiguration;
			buildSettings = {
				ASSETCATALOG_COMPILER_APPICON_NAME = AppIcon;
				ASSETCATALOG_COMPILER_GLOBAL_ACCENT_COLOR_NAME = AccentColor;
				CODE_SIGN_STYLE = Automatic;
				CURRENT_PROJECT_VERSION = 1;
				DEVELOPMENT_TEAM = V936C69V6G;
				ENABLE_USER_SCRIPT_SANDBOXING = NO;
				GENERATE_INFOPLIST_FILE = YES;
				INFOPLIST_FILE = "Gallery App/Info.plist";
				INFOPLIST_KEY_CFBundleDisplayName = "Photo Stream";
				INFOPLIST_KEY_LSApplicationCategoryType = "public.app-category.photography";
				INFOPLIST_KEY_UIApplicationSupportsIndirectInputEvents = YES;
				INFOPLIST_KEY_UILaunchStoryboardName = LaunchScreen;
				INFOPLIST_KEY_UIStatusBarStyle = "";
				INFOPLIST_KEY_UISupportedInterfaceOrientations = UIInterfaceOrientationPortrait;
				INFOPLIST_KEY_UISupportedInterfaceOrientations_iPad = "UIInterfaceOrientationLandscapeLeft UIInterfaceOrientationLandscapeRight UIInterfaceOrientationPortrait UIInterfaceOrientationPortraitUpsideDown";
				IPHONEOS_DEPLOYMENT_TARGET = 13.0;
				LD_RUNPATH_SEARCH_PATHS = (
					"$(inherited)",
					"@executable_path/Frameworks",
				);
				MARKETING_VERSION = 1.0;
				PRODUCT_BUNDLE_IDENTIFIER = "com.vitalivyucheiski.Gallery-App";
				PRODUCT_NAME = "$(TARGET_NAME)";
				SWIFT_EMIT_LOC_STRINGS = YES;
				SWIFT_VERSION = 5.0;
				TARGETED_DEVICE_FAMILY = "1,2";
			};
			name = Develop;
		};
		A6B6D3952B4E08A000635852 /* Production */ = {
			isa = XCBuildConfiguration;
			buildSettings = {
				ASSETCATALOG_COMPILER_APPICON_NAME = AppIcon;
				ASSETCATALOG_COMPILER_GLOBAL_ACCENT_COLOR_NAME = AccentColor;
				CODE_SIGN_STYLE = Automatic;
				CURRENT_PROJECT_VERSION = 1;
				DEVELOPMENT_TEAM = V936C69V6G;
				ENABLE_USER_SCRIPT_SANDBOXING = NO;
				GENERATE_INFOPLIST_FILE = YES;
				INFOPLIST_FILE = "Gallery App/Info.plist";
				INFOPLIST_KEY_CFBundleDisplayName = "Photo Stream";
				INFOPLIST_KEY_LSApplicationCategoryType = "public.app-category.photography";
				INFOPLIST_KEY_UIApplicationSupportsIndirectInputEvents = YES;
				INFOPLIST_KEY_UILaunchStoryboardName = LaunchScreen;
				INFOPLIST_KEY_UIStatusBarStyle = "";
				INFOPLIST_KEY_UISupportedInterfaceOrientations = UIInterfaceOrientationPortrait;
				INFOPLIST_KEY_UISupportedInterfaceOrientations_iPad = "UIInterfaceOrientationLandscapeLeft UIInterfaceOrientationLandscapeRight UIInterfaceOrientationPortrait UIInterfaceOrientationPortraitUpsideDown";
				IPHONEOS_DEPLOYMENT_TARGET = 13.0;
				LD_RUNPATH_SEARCH_PATHS = (
					"$(inherited)",
					"@executable_path/Frameworks",
				);
				MARKETING_VERSION = 1.0;
				PRODUCT_BUNDLE_IDENTIFIER = "com.vitalivyucheiski.Gallery-App";
				PRODUCT_NAME = "$(TARGET_NAME)";
				SWIFT_EMIT_LOC_STRINGS = YES;
				SWIFT_VERSION = 5.0;
				TARGETED_DEVICE_FAMILY = "1,2";
			};
			name = Production;
		};
/* End XCBuildConfiguration section */

/* Begin XCConfigurationList section */
		A6B6D37A2B4E089C00635852 /* Build configuration list for PBXProject "Gallery App" */ = {
			isa = XCConfigurationList;
			buildConfigurations = (
				A6B6D3912B4E08A000635852 /* Develop */,
				A6B6D3922B4E08A000635852 /* Production */,
			);
			defaultConfigurationIsVisible = 0;
			defaultConfigurationName = Production;
		};
		A6B6D3932B4E08A000635852 /* Build configuration list for PBXNativeTarget "Gallery App" */ = {
			isa = XCConfigurationList;
			buildConfigurations = (
				A6B6D3942B4E08A000635852 /* Develop */,
				A6B6D3952B4E08A000635852 /* Production */,
			);
			defaultConfigurationIsVisible = 0;
			defaultConfigurationName = Production;
		};
/* End XCConfigurationList section */

/* Begin XCRemoteSwiftPackageReference section */
		A61D9F1A2B4F1DEF007620D3 /* XCRemoteSwiftPackageReference "SnapKit" */ = {
			isa = XCRemoteSwiftPackageReference;
			repositoryURL = "https://github.com/SnapKit/SnapKit.git";
			requirement = {
				kind = upToNextMajorVersion;
				minimumVersion = 5.0.1;
			};
		};
		A6B6D3962B4E0F4100635852 /* XCRemoteSwiftPackageReference "Kingfisher" */ = {
			isa = XCRemoteSwiftPackageReference;
			repositoryURL = "https://github.com/onevcat/Kingfisher.git";
			requirement = {
				kind = upToNextMajorVersion;
				minimumVersion = 7.0.0;
			};
		};
/* End XCRemoteSwiftPackageReference section */

/* Begin XCSwiftPackageProductDependency section */
		A61D9F1B2B4F1DEF007620D3 /* SnapKit */ = {
			isa = XCSwiftPackageProductDependency;
			package = A61D9F1A2B4F1DEF007620D3 /* XCRemoteSwiftPackageReference "SnapKit" */;
			productName = SnapKit;
		};
		A61D9F1D2B4F1DEF007620D3 /* SnapKit-Dynamic */ = {
			isa = XCSwiftPackageProductDependency;
			package = A61D9F1A2B4F1DEF007620D3 /* XCRemoteSwiftPackageReference "SnapKit" */;
			productName = "SnapKit-Dynamic";
		};
		A6B6D3972B4E0F4100635852 /* Kingfisher */ = {
			isa = XCSwiftPackageProductDependency;
			package = A6B6D3962B4E0F4100635852 /* XCRemoteSwiftPackageReference "Kingfisher" */;
			productName = Kingfisher;
		};
/* End XCSwiftPackageProductDependency section */
	};
	rootObject = A6B6D3772B4E089C00635852 /* Project object */;
}
